
Microsoft Visual Studio Solution File, Format Version 11.00
# Visual Studio 2010
Project("{FAE04EC0-301F-11D3-BF4B-00C04F79EFBC}") = "SysCEF.DAO", "SysCEF.DAO\SysCEF.DAO.csproj", "{E3A2F452-48F3-4959-B2EC-9F35351CEE3E}"
EndProject
Project("{FAE04EC0-301F-11D3-BF4B-00C04F79EFBC}") = "SysCEF.Model", "SysCEF.Model\SysCEF.Model.csproj", "{BAF074F1-0258-4CC8-AE55-B0767FAB125E}"
EndProject
Project("{FAE04EC0-301F-11D3-BF4B-00C04F79EFBC}") = "SysCEF.Web", "SysCEF.Web\SysCEF.Web.csproj", "{D1417F2B-FB29-438E-8750-F0FC5A0A75A4}"
EndProject
Project("{FAE04EC0-301F-11D3-BF4B-00C04F79EFBC}") = "SysCEF.Common", "SysCEF.Common\SysCEF.Common.csproj", "{CB86101A-36EA-44D6-9D01-F50DFE1E5FB3}"
EndProject
Project("{2150E333-8FDC-42A3-9474-1A3956D46DE8}") = "Common", "Common", "{C8D69B30-A484-4EAA-9012-AB1605C88E9B}"
EndProject
Project("{2150E333-8FDC-42A3-9474-1A3956D46DE8}") = "SysCEF", "SysCEF", "{B88104D8-DCF6-495D-836E-94A75196B02A}"
EndProject
Project("{FAE04EC0-301F-11D3-BF4B-00C04F79EFBC}") = "Core", "Core\Core.csproj", "{597ABE83-FE81-49DD-81BB-DC53F42D6977}"
EndProject
Project("{FAE04EC0-301F-11D3-BF4B-00C04F79EFBC}") = "DataAccess", "DataAccess\DataAccess.csproj", "{DE7D25F8-5AD0-40B4-B213-8C1B2F53A674}"
EndProject
Global
	GlobalSection(SolutionConfigurationPlatforms) = preSolution
		Debug|Any CPU = Debug|Any CPU
		Deploy|Any CPU = Deploy|Any CPU
		Producao|Any CPU = Producao|Any CPU
		Release|Any CPU = Release|Any CPU
	EndGlobalSection
	GlobalSection(ProjectConfigurationPlatforms) = postSolution
		{E3A2F452-48F3-4959-B2EC-9F35351CEE3E}.Debug|Any CPU.ActiveCfg = Debug|Any CPU
		{E3A2F452-48F3-4959-B2EC-9F35351CEE3E}.Debug|Any CPU.Build.0 = Debug|Any CPU
		{E3A2F452-48F3-4959-B2EC-9F35351CEE3E}.Deploy|Any CPU.ActiveCfg = Deploy|Any CPU
		{E3A2F452-48F3-4959-B2EC-9F35351CEE3E}.Deploy|Any CPU.Build.0 = Deploy|Any CPU
		{E3A2F452-48F3-4959-B2EC-9F35351CEE3E}.Producao|Any CPU.ActiveCfg = Producao|Any CPU
		{E3A2F452-48F3-4959-B2EC-9F35351CEE3E}.Producao|Any CPU.Build.0 = Producao|Any CPU
		{E3A2F452-48F3-4959-B2EC-9F35351CEE3E}.Release|Any CPU.ActiveCfg = Release|Any CPU
		{E3A2F452-48F3-4959-B2EC-9F35351CEE3E}.Release|Any CPU.Build.0 = Release|Any CPU
		{BAF074F1-0258-4CC8-AE55-B0767FAB125E}.Debug|Any CPU.ActiveCfg = Debug|Any CPU
		{BAF074F1-0258-4CC8-AE55-B0767FAB125E}.Debug|Any CPU.Build.0 = Debug|Any CPU
		{BAF074F1-0258-4CC8-AE55-B0767FAB125E}.Deploy|Any CPU.ActiveCfg = Deploy|Any CPU
		{BAF074F1-0258-4CC8-AE55-B0767FAB125E}.Deploy|Any CPU.Build.0 = Deploy|Any CPU
		{BAF074F1-0258-4CC8-AE55-B0767FAB125E}.Producao|Any CPU.ActiveCfg = Producao|Any CPU
		{BAF074F1-0258-4CC8-AE55-B0767FAB125E}.Producao|Any CPU.Build.0 = Producao|Any CPU
		{BAF074F1-0258-4CC8-AE55-B0767FAB125E}.Release|Any CPU.ActiveCfg = Release|Any CPU
		{BAF074F1-0258-4CC8-AE55-B0767FAB125E}.Release|Any CPU.Build.0 = Release|Any CPU
		{D1417F2B-FB29-438E-8750-F0FC5A0A75A4}.Debug|Any CPU.ActiveCfg = Debug|Any CPU
		{D1417F2B-FB29-438E-8750-F0FC5A0A75A4}.Debug|Any CPU.Build.0 = Debug|Any CPU
		{D1417F2B-FB29-438E-8750-F0FC5A0A75A4}.Deploy|Any CPU.ActiveCfg = Deploy|Any CPU
		{D1417F2B-FB29-438E-8750-F0FC5A0A75A4}.Deploy|Any CPU.Build.0 = Deploy|Any CPU
		{D1417F2B-FB29-438E-8750-F0FC5A0A75A4}.Producao|Any CPU.ActiveCfg = Producao|Any CPU
		{D1417F2B-FB29-438E-8750-F0FC5A0A75A4}.Producao|Any CPU.Build.0 = Producao|Any CPU
		{D1417F2B-FB29-438E-8750-F0FC5A0A75A4}.Release|Any CPU.ActiveCfg = Release|Any CPU
		{D1417F2B-FB29-438E-8750-F0FC5A0A75A4}.Release|Any CPU.Build.0 = Release|Any CPU
		{CB86101A-36EA-44D6-9D01-F50DFE1E5FB3}.Debug|Any CPU.ActiveCfg = Debug|Any CPU
		{CB86101A-36EA-44D6-9D01-F50DFE1E5FB3}.Debug|Any CPU.Build.0 = Debug|Any CPU
		{CB86101A-36EA-44D6-9D01-F50DFE1E5FB3}.Deploy|Any CPU.ActiveCfg = Deploy|Any CPU
		{CB86101A-36EA-44D6-9D01-F50DFE1E5FB3}.Deploy|Any CPU.Build.0 = Deploy|Any CPU
		{CB86101A-36EA-44D6-9D01-F50DFE1E5FB3}.Producao|Any CPU.ActiveCfg = Producao|Any CPU
		{CB86101A-36EA-44D6-9D01-F50DFE1E5FB3}.Producao|Any CPU.Build.0 = Producao|Any CPU
		{CB86101A-36EA-44D6-9D01-F50DFE1E5FB3}.Release|Any CPU.ActiveCfg = Release|Any CPU
		{CB86101A-36EA-44D6-9D01-F50DFE1E5FB3}.Release|Any CPU.Build.0 = Release|Any CPU
		{597ABE83-FE81-49DD-81BB-DC53F42D6977}.Debug|Any CPU.ActiveCfg = Debug|Any CPU
		{597ABE83-FE81-49DD-81BB-DC53F42D6977}.Debug|Any CPU.Build.0 = Debug|Any CPU
		{597ABE83-FE81-49DD-81BB-DC53F42D6977}.Deploy|Any CPU.ActiveCfg = Deploy|Any CPU
		{597ABE83-FE81-49DD-81BB-DC53F42D6977}.Deploy|Any CPU.Build.0 = Deploy|Any CPU
		{597ABE83-FE81-49DD-81BB-DC53F42D6977}.Producao|Any CPU.ActiveCfg = Producao|Any CPU
		{597ABE83-FE81-49DD-81BB-DC53F42D6977}.Producao|Any CPU.Build.0 = Producao|Any CPU
		{597ABE83-FE81-49DD-81BB-DC53F42D6977}.Release|Any CPU.ActiveCfg = Release|Any CPU
		{597ABE83-FE81-49DD-81BB-DC53F42D6977}.Release|Any CPU.Build.0 = Release|Any CPU
		{DE7D25F8-5AD0-40B4-B213-8C1B2F53A674}.Debug|Any CPU.ActiveCfg = Debug|Any CPU
		{DE7D25F8-5AD0-40B4-B213-8C1B2F53A674}.Debug|Any CPU.Build.0 = Debug|Any CPU
		{DE7D25F8-5AD0-40B4-B213-8C1B2F53A674}.Deploy|Any CPU.ActiveCfg = Deploy|Any CPU
		{DE7D25F8-5AD0-40B4-B213-8C1B2F53A674}.Deploy|Any CPU.Build.0 = Deploy|Any CPU
		{DE7D25F8-5AD0-40B4-B213-8C1B2F53A674}.Producao|Any CPU.ActiveCfg = Producao|Any CPU
		{DE7D25F8-5AD0-40B4-B213-8C1B2F53A674}.Producao|Any CPU.Build.0 = Producao|Any CPU
		{DE7D25F8-5AD0-40B4-B213-8C1B2F53A674}.Release|Any CPU.ActiveCfg = Release|Any CPU
		{DE7D25F8-5AD0-40B4-B213-8C1B2F53A674}.Release|Any CPU.Build.0 = Release|Any CPU
	EndGlobalSection
	GlobalSection(SolutionProperties) = preSolution
		HideSolutionNode = FALSE
	EndGlobalSection
	GlobalSection(NestedProjects) = preSolution
		{BAF074F1-0258-4CC8-AE55-B0767FAB125E} = {B88104D8-DCF6-495D-836E-94A75196B02A}
		{D1417F2B-FB29-438E-8750-F0FC5A0A75A4} = {B88104D8-DCF6-495D-836E-94A75196B02A}
		{E3A2F452-48F3-4959-B2EC-9F35351CEE3E} = {B88104D8-DCF6-495D-836E-94A75196B02A}
		{CB86101A-36EA-44D6-9D01-F50DFE1E5FB3} = {B88104D8-DCF6-495D-836E-94A75196B02A}
		{597ABE83-FE81-49DD-81BB-DC53F42D6977} = {C8D69B30-A484-4EAA-9012-AB1605C88E9B}
		{DE7D25F8-5AD0-40B4-B213-8C1B2F53A674} = {C8D69B30-A484-4EAA-9012-AB1605C88E9B}
	EndGlobalSection
EndGlobal
